{
  "requires": true,
  "lockfileVersion": 1,
  "dependencies": {
    "hover.css": {
      "version": "2.3.2",
      "resolved": "https://registry.npmjs.org/hover.css/-/hover.css-2.3.2.tgz",
      "integrity": "sha1-8HGT2cdAnU45UTTTsiFbmetV4NM="
    },
    "jquery": {
      "version": "3.3.1",
      "resolved": "https://registry.npmjs.org/jquery/-/jquery-3.3.1.tgz",
      "integrity": "sha512-Ubldcmxp5np52/ENotGxlLe6aGMvmF4R8S6tZjsP6Knsaxd/xp3Zrh50cG93lR6nPXyUFwzN3ZSOQI0wRJNdGg=="
    },
    "lg-fullscreen.js": {
      "version": "1.0.0",
      "resolved": "https://registry.npmjs.org/lg-fullscreen.js/-/lg-fullscreen.js-1.0.0.tgz",
      "integrity": "sha1-nE+TS8UCegq1yI/OcGdVcdZODV4="
    },
    "lg-pager.js": {
      "version": "1.0.0",
      "resolved": "https://registry.npmjs.org/lg-pager.js/-/lg-pager.js-1.0.0.tgz",
      "integrity": "sha1-YqXwf5+XbK58/bHb0+IItsEvx6s="
    },
    "lg-thumbnail": {
      "version": "1.1.0",
      "resolved": "https://registry.npmjs.org/lg-thumbnail/-/lg-thumbnail-1.1.0.tgz",
      "integrity": "sha1-kTRNnMo1gH1E+fg0bQRYnBXMFrI=",
      "requires": {
        "jquery": "3.3.1"
      }
    },
    "lg-zoom.js": {
      "version": "1.0.1",
      "resolved": "https://registry.npmjs.org/lg-zoom.js/-/lg-zoom.js-1.0.1.tgz",
      "integrity": "sha1-XhzcV0CfXjMbVz0P2T3CZHnIDN4="
    },
    "lightgallery.js": {
      "version": "1.1.2",
      "resolved": "https://registry.npmjs.org/lightgallery.js/-/lightgallery.js-1.1.2.tgz",
      "integrity": "sha512-HYDh+CE+qJeBW660y0R/yvMATk9qj5tYxCFQqAcZLiW7QlHaYsNbaLV8v7fygAMIWZ0haJxgFC0rCF2drqHa7Q=="
    },
    "photoswipe": {
      "version": "4.1.2",
      "resolved": "https://registry.npmjs.org/photoswipe/-/photoswipe-4.1.2.tgz",
      "integrity": "sha1-lcIKdc6iO3DWKZZBytguA8rn95c="
    },
    "source-code-pro": {
      "version": "git://github.com/adobe-fonts/source-code-pro.git#e99ed3b714cd2b3c0d5ac8cc45fd8181d79c0d0b"
    }
  }
}
